// !$*UTF8*$!
{
	archiveVersion = 1;
	classes = {
	};
	objectVersion = 46;
	objects = {

/* Begin PBXBuildFile section */
		82125F9716D67F37008D00BB /* AudioWaveView.mm in Sources */ = {isa = PBXBuildFile; fileRef = 82125F9616D67F37008D00BB /* AudioWaveView.mm */; };
		82C25B7114ED4D5E0021A996 /* UIKit.framework in Frameworks */ = {isa = PBXBuildFile; fileRef = 82C25B7014ED4D5E0021A996 /* UIKit.framework */; };
		82C25B7314ED4D5E0021A996 /* Foundation.framework in Frameworks */ = {isa = PBXBuildFile; fileRef = 82C25B7214ED4D5E0021A996 /* Foundation.framework */; };
		82C25B7514ED4D5E0021A996 /* CoreGraphics.framework in Frameworks */ = {isa = PBXBuildFile; fileRef = 82C25B7414ED4D5E0021A996 /* CoreGraphics.framework */; };
		82C25B7B14ED4D5E0021A996 /* InfoPlist.strings in Resources */ = {isa = PBXBuildFile; fileRef = 82C25B7914ED4D5E0021A996 /* InfoPlist.strings */; };
		82C25B7D14ED4D5E0021A996 /* main.m in Sources */ = {isa = PBXBuildFile; fileRef = 82C25B7C14ED4D5E0021A996 /* main.m */; };
		82C25B8114ED4D5E0021A996 /* AudioPlayerAppDelegate.m in Sources */ = {isa = PBXBuildFile; fileRef = 82C25B8014ED4D5E0021A996 /* AudioPlayerAppDelegate.m */; };
		82C25B8314ED4D5E0021A996 /* MainWindow.xib in Resources */ = {isa = PBXBuildFile; fileRef = 82C25B8214ED4D5E0021A996 /* MainWindow.xib */; };
		82C25B8B14ED4D5E0021A996 /* SenTestingKit.framework in Frameworks */ = {isa = PBXBuildFile; fileRef = 82C25B8A14ED4D5E0021A996 /* SenTestingKit.framework */; };
		82C25B8C14ED4D5E0021A996 /* UIKit.framework in Frameworks */ = {isa = PBXBuildFile; fileRef = 82C25B7014ED4D5E0021A996 /* UIKit.framework */; };
		82C25B8D14ED4D5E0021A996 /* Foundation.framework in Frameworks */ = {isa = PBXBuildFile; fileRef = 82C25B7214ED4D5E0021A996 /* Foundation.framework */; };
		82C25B9514ED4D5E0021A996 /* InfoPlist.strings in Resources */ = {isa = PBXBuildFile; fileRef = 82C25B9314ED4D5E0021A996 /* InfoPlist.strings */; };
		82C25B9814ED4D5E0021A996 /* AudioPlayerTests.m in Sources */ = {isa = PBXBuildFile; fileRef = 82C25B9714ED4D5E0021A996 /* AudioPlayerTests.m */; };
		82C25BA414ED4D850021A996 /* AudioPlayerViewController.m in Sources */ = {isa = PBXBuildFile; fileRef = 82C25BA214ED4D850021A996 /* AudioPlayerViewController.m */; };
		82C25BA514ED4D850021A996 /* AudioPlayerViewController.xib in Resources */ = {isa = PBXBuildFile; fileRef = 82C25BA314ED4D850021A996 /* AudioPlayerViewController.xib */; };
		82C25BAC14ED4DF20021A996 /* AudioEngine.mm in Sources */ = {isa = PBXBuildFile; fileRef = 82C25BAB14ED4DF20021A996 /* AudioEngine.mm */; };
		82C25BB314ED4E760021A996 /* AudioToolbox.framework in Frameworks */ = {isa = PBXBuildFile; fileRef = 82C25BB214ED4E760021A996 /* AudioToolbox.framework */; };
		82C25BB514ED4E7E0021A996 /* AVFoundation.framework in Frameworks */ = {isa = PBXBuildFile; fileRef = 82C25BB414ED4E7E0021A996 /* AVFoundation.framework */; };
		82C25BB714ED4E870021A996 /* MediaPlayer.framework in Frameworks */ = {isa = PBXBuildFile; fileRef = 82C25BB614ED4E870021A996 /* MediaPlayer.framework */; };
		82C25BC014ED55CE0021A996 /* MeterView.mm in Sources */ = {isa = PBXBuildFile; fileRef = 82C25BBF14ED55CE0021A996 /* MeterView.mm */; };
		A04D8A1518B5D5A4006A424B /* 02 The City.mp3 in Resources */ = {isa = PBXBuildFile; fileRef = A04D8A1418B5D5A4006A424B /* 02 The City.mp3 */; };
		A04D8A1718B5DD7C006A424B /* 11 Irony Of Dying On Your Birthday.mp3 in Resources */ = {isa = PBXBuildFile; fileRef = A04D8A1618B5DD7C006A424B /* 11 Irony Of Dying On Your Birthday.mp3 */; };
		A0A457D218D7DE82004DBB14 /* 03 She's Crafty.mp3 in Resources */ = {isa = PBXBuildFile; fileRef = A0A457D118D7DE82004DBB14 /* 03 She's Crafty.mp3 */; };
		A0A457DD18DA91DB004DBB14 /* Frolic.wav in Resources */ = {isa = PBXBuildFile; fileRef = A0A457DB18DA91DB004DBB14 /* Frolic.wav */; };
		A0A457DE18DA91DB004DBB14 /* Temptation Sensation.wav in Resources */ = {isa = PBXBuildFile; fileRef = A0A457DC18DA91DB004DBB14 /* Temptation Sensation.wav */; };
/* End PBXBuildFile section */

/* Begin PBXContainerItemProxy section */
		82C25B8E14ED4D5E0021A996 /* PBXContainerItemProxy */ = {
			isa = PBXContainerItemProxy;
			containerPortal = 82C25B6314ED4D5E0021A996 /* Project object */;
			proxyType = 1;
			remoteGlobalIDString = 82C25B6B14ED4D5E0021A996;
			remoteInfo = AudioPlayer;
		};
/* End PBXContainerItemProxy section */

/* Begin PBXFileReference section */
		82125F9516D67F37008D00BB /* AudioWaveView.h */ = {isa = PBXFileReference; fileEncoding = 4; lastKnownFileType = sourcecode.c.h; path = AudioWaveView.h; sourceTree = "<group>"; };
		82125F9616D67F37008D00BB /* AudioWaveView.mm */ = {isa = PBXFileReference; fileEncoding = 4; lastKnownFileType = sourcecode.cpp.objcpp; path = AudioWaveView.mm; sourceTree = "<group>"; };
		82C25B6C14ED4D5E0021A996 /* AudioPlayer.app */ = {isa = PBXFileReference; explicitFileType = wrapper.application; includeInIndex = 0; path = AudioPlayer.app; sourceTree = BUILT_PRODUCTS_DIR; };
		82C25B7014ED4D5E0021A996 /* UIKit.framework */ = {isa = PBXFileReference; lastKnownFileType = wrapper.framework; name = UIKit.framework; path = System/Library/Frameworks/UIKit.framework; sourceTree = SDKROOT; };
		82C25B7214ED4D5E0021A996 /* Foundation.framework */ = {isa = PBXFileReference; lastKnownFileType = wrapper.framework; name = Foundation.framework; path = System/Library/Frameworks/Foundation.framework; sourceTree = SDKROOT; };
		82C25B7414ED4D5E0021A996 /* CoreGraphics.framework */ = {isa = PBXFileReference; lastKnownFileType = wrapper.framework; name = CoreGraphics.framework; path = System/Library/Frameworks/CoreGraphics.framework; sourceTree = SDKROOT; };
		82C25B7814ED4D5E0021A996 /* AudioPlayer-Info.plist */ = {isa = PBXFileReference; lastKnownFileType = text.plist.xml; path = "AudioPlayer-Info.plist"; sourceTree = "<group>"; };
		82C25B7A14ED4D5E0021A996 /* en */ = {isa = PBXFileReference; lastKnownFileType = text.plist.strings; name = en; path = en.lproj/InfoPlist.strings; sourceTree = "<group>"; };
		82C25B7C14ED4D5E0021A996 /* main.m */ = {isa = PBXFileReference; lastKnownFileType = sourcecode.c.objc; path = main.m; sourceTree = "<group>"; };
		82C25B7E14ED4D5E0021A996 /* AudioPlayer-Prefix.pch */ = {isa = PBXFileReference; lastKnownFileType = sourcecode.c.h; path = "AudioPlayer-Prefix.pch"; sourceTree = "<group>"; };
		82C25B7F14ED4D5E0021A996 /* AudioPlayerAppDelegate.h */ = {isa = PBXFileReference; lastKnownFileType = sourcecode.c.h; path = AudioPlayerAppDelegate.h; sourceTree = "<group>"; };
		82C25B8014ED4D5E0021A996 /* AudioPlayerAppDelegate.m */ = {isa = PBXFileReference; lastKnownFileType = sourcecode.c.objc; path = AudioPlayerAppDelegate.m; sourceTree = "<group>"; };
		82C25B8214ED4D5E0021A996 /* MainWindow.xib */ = {isa = PBXFileReference; lastKnownFileType = file.xib; path = MainWindow.xib; sourceTree = "<group>"; };
		82C25B8914ED4D5E0021A996 /* AudioPlayerTests.octest */ = {isa = PBXFileReference; explicitFileType = wrapper.cfbundle; includeInIndex = 0; path = AudioPlayerTests.octest; sourceTree = BUILT_PRODUCTS_DIR; };
		82C25B8A14ED4D5E0021A996 /* SenTestingKit.framework */ = {isa = PBXFileReference; lastKnownFileType = wrapper.framework; name = SenTestingKit.framework; path = Library/Frameworks/SenTestingKit.framework; sourceTree = DEVELOPER_DIR; };
		82C25B9214ED4D5E0021A996 /* AudioPlayerTests-Info.plist */ = {isa = PBXFileReference; lastKnownFileType = text.plist.xml; path = "AudioPlayerTests-Info.plist"; sourceTree = "<group>"; };
		82C25B9414ED4D5E0021A996 /* en */ = {isa = PBXFileReference; lastKnownFileType = text.plist.strings; name = en; path = en.lproj/InfoPlist.strings; sourceTree = "<group>"; };
		82C25B9614ED4D5E0021A996 /* AudioPlayerTests.h */ = {isa = PBXFileReference; lastKnownFileType = sourcecode.c.h; path = AudioPlayerTests.h; sourceTree = "<group>"; };
		82C25B9714ED4D5E0021A996 /* AudioPlayerTests.m */ = {isa = PBXFileReference; lastKnownFileType = sourcecode.c.objc; path = AudioPlayerTests.m; sourceTree = "<group>"; };
		82C25BA114ED4D850021A996 /* AudioPlayerViewController.h */ = {isa = PBXFileReference; fileEncoding = 4; lastKnownFileType = sourcecode.c.h; path = AudioPlayerViewController.h; sourceTree = "<group>"; };
		82C25BA214ED4D850021A996 /* AudioPlayerViewController.m */ = {isa = PBXFileReference; fileEncoding = 4; lastKnownFileType = sourcecode.c.objc; path = AudioPlayerViewController.m; sourceTree = "<group>"; };
		82C25BA314ED4D850021A996 /* AudioPlayerViewController.xib */ = {isa = PBXFileReference; fileEncoding = 4; lastKnownFileType = file.xib; path = AudioPlayerViewController.xib; sourceTree = "<group>"; };
		82C25BAA14ED4DF20021A996 /* AudioEngine.h */ = {isa = PBXFileReference; fileEncoding = 4; lastKnownFileType = sourcecode.c.h; path = AudioEngine.h; sourceTree = "<group>"; };
		82C25BAB14ED4DF20021A996 /* AudioEngine.mm */ = {isa = PBXFileReference; fileEncoding = 4; lastKnownFileType = sourcecode.cpp.objcpp; path = AudioEngine.mm; sourceTree = "<group>"; };
		82C25BB214ED4E760021A996 /* AudioToolbox.framework */ = {isa = PBXFileReference; lastKnownFileType = wrapper.framework; name = AudioToolbox.framework; path = System/Library/Frameworks/AudioToolbox.framework; sourceTree = SDKROOT; };
		82C25BB414ED4E7E0021A996 /* AVFoundation.framework */ = {isa = PBXFileReference; lastKnownFileType = wrapper.framework; name = AVFoundation.framework; path = System/Library/Frameworks/AVFoundation.framework; sourceTree = SDKROOT; };
		82C25BB614ED4E870021A996 /* MediaPlayer.framework */ = {isa = PBXFileReference; lastKnownFileType = wrapper.framework; name = MediaPlayer.framework; path = System/Library/Frameworks/MediaPlayer.framework; sourceTree = SDKROOT; };
		82C25BBE14ED55CE0021A996 /* MeterView.h */ = {isa = PBXFileReference; fileEncoding = 4; lastKnownFileType = sourcecode.c.h; path = MeterView.h; sourceTree = "<group>"; };
		82C25BBF14ED55CE0021A996 /* MeterView.mm */ = {isa = PBXFileReference; fileEncoding = 4; lastKnownFileType = sourcecode.cpp.objcpp; path = MeterView.mm; sourceTree = "<group>"; };
		A04D8A1418B5D5A4006A424B /* 02 The City.mp3 */ = {isa = PBXFileReference; lastKnownFileType = audio.mp3; path = "02 The City.mp3"; sourceTree = "<group>"; };
		A04D8A1618B5DD7C006A424B /* 11 Irony Of Dying On Your Birthday.mp3 */ = {isa = PBXFileReference; lastKnownFileType = audio.mp3; path = "11 Irony Of Dying On Your Birthday.mp3"; sourceTree = "<group>"; };
		A0A457D118D7DE82004DBB14 /* 03 She's Crafty.mp3 */ = {isa = PBXFileReference; lastKnownFileType = audio.mp3; path = "03 She's Crafty.mp3"; sourceTree = "<group>"; };
		A0A457DB18DA91DB004DBB14 /* Frolic.wav */ = {isa = PBXFileReference; lastKnownFileType = audio.wav; path = Frolic.wav; sourceTree = "<group>"; };
		A0A457DC18DA91DB004DBB14 /* Temptation Sensation.wav */ = {isa = PBXFileReference; lastKnownFileType = audio.wav; path = "Temptation Sensation.wav"; sourceTree = "<group>"; };
/* End PBXFileReference section */

/* Begin PBXFrameworksBuildPhase section */
		82C25B6914ED4D5E0021A996 /* Frameworks */ = {
			isa = PBXFrameworksBuildPhase;
			buildActionMask = 2147483647;
			files = (
				82C25BB714ED4E870021A996 /* MediaPlayer.framework in Frameworks */,
				82C25BB514ED4E7E0021A996 /* AVFoundation.framework in Frameworks */,
				82C25BB314ED4E760021A996 /* AudioToolbox.framework in Frameworks */,
				82C25B7114ED4D5E0021A996 /* UIKit.framework in Frameworks */,
				82C25B7314ED4D5E0021A996 /* Foundation.framework in Frameworks */,
				82C25B7514ED4D5E0021A996 /* CoreGraphics.framework in Frameworks */,
			);
			runOnlyForDeploymentPostprocessing = 0;
		};
		82C25B8514ED4D5E0021A996 /* Frameworks */ = {
			isa = PBXFrameworksBuildPhase;
			buildActionMask = 2147483647;
			files = (
				82C25B8B14ED4D5E0021A996 /* SenTestingKit.framework in Frameworks */,
				82C25B8C14ED4D5E0021A996 /* UIKit.framework in Frameworks */,
				82C25B8D14ED4D5E0021A996 /* Foundation.framework in Frameworks */,
			);
			runOnlyForDeploymentPostprocessing = 0;
		};
/* End PBXFrameworksBuildPhase section */

/* Begin PBXGroup section */
		82C25B6114ED4D5E0021A996 = {
			isa = PBXGroup;
			children = (
				82C25BBB14ED53350021A996 /* Resources */,
				82C25BB614ED4E870021A996 /* MediaPlayer.framework */,
				82C25BB414ED4E7E0021A996 /* AVFoundation.framework */,
				82C25BB214ED4E760021A996 /* AudioToolbox.framework */,
				82C25B7614ED4D5E0021A996 /* AudioPlayer */,
				82C25B9014ED4D5E0021A996 /* AudioPlayerTests */,
				82C25B6F14ED4D5E0021A996 /* Frameworks */,
				82C25B6D14ED4D5E0021A996 /* Products */,
			);
			sourceTree = "<group>";
		};
		82C25B6D14ED4D5E0021A996 /* Products */ = {
			isa = PBXGroup;
			children = (
				82C25B6C14ED4D5E0021A996 /* AudioPlayer.app */,
				82C25B8914ED4D5E0021A996 /* AudioPlayerTests.octest */,
			);
			name = Products;
			sourceTree = "<group>";
		};
		82C25B6F14ED4D5E0021A996 /* Frameworks */ = {
			isa = PBXGroup;
			children = (
				82C25B7014ED4D5E0021A996 /* UIKit.framework */,
				82C25B7214ED4D5E0021A996 /* Foundation.framework */,
				82C25B7414ED4D5E0021A996 /* CoreGraphics.framework */,
				82C25B8A14ED4D5E0021A996 /* SenTestingKit.framework */,
			);
			name = Frameworks;
			sourceTree = "<group>";
		};
		82C25B7614ED4D5E0021A996 /* AudioPlayer */ = {
			isa = PBXGroup;
			children = (
				82125F9516D67F37008D00BB /* AudioWaveView.h */,
				82125F9616D67F37008D00BB /* AudioWaveView.mm */,
				82C25BBE14ED55CE0021A996 /* MeterView.h */,
				82C25BBF14ED55CE0021A996 /* MeterView.mm */,
				82C25BAA14ED4DF20021A996 /* AudioEngine.h */,
				82C25BAB14ED4DF20021A996 /* AudioEngine.mm */,
				82C25B7F14ED4D5E0021A996 /* AudioPlayerAppDelegate.h */,
				82C25B8014ED4D5E0021A996 /* AudioPlayerAppDelegate.m */,
				82C25BA114ED4D850021A996 /* AudioPlayerViewController.h */,
				82C25BA214ED4D850021A996 /* AudioPlayerViewController.m */,
				82C25BA314ED4D850021A996 /* AudioPlayerViewController.xib */,
				82C25B8214ED4D5E0021A996 /* MainWindow.xib */,
				82C25B7714ED4D5E0021A996 /* Supporting Files */,
			);
			path = AudioPlayer;
			sourceTree = "<group>";
		};
		82C25B7714ED4D5E0021A996 /* Supporting Files */ = {
			isa = PBXGroup;
			children = (
				82C25B7814ED4D5E0021A996 /* AudioPlayer-Info.plist */,
				82C25B7914ED4D5E0021A996 /* InfoPlist.strings */,
				82C25B7C14ED4D5E0021A996 /* main.m */,
				82C25B7E14ED4D5E0021A996 /* AudioPlayer-Prefix.pch */,
			);
			name = "Supporting Files";
			sourceTree = "<group>";
		};
		82C25B9014ED4D5E0021A996 /* AudioPlayerTests */ = {
			isa = PBXGroup;
			children = (
				82C25B9614ED4D5E0021A996 /* AudioPlayerTests.h */,
				82C25B9714ED4D5E0021A996 /* AudioPlayerTests.m */,
				82C25B9114ED4D5E0021A996 /* Supporting Files */,
			);
			path = AudioPlayerTests;
			sourceTree = "<group>";
		};
		82C25B9114ED4D5E0021A996 /* Supporting Files */ = {
			isa = PBXGroup;
			children = (
				82C25B9214ED4D5E0021A996 /* AudioPlayerTests-Info.plist */,
				82C25B9314ED4D5E0021A996 /* InfoPlist.strings */,
			);
			name = "Supporting Files";
			sourceTree = "<group>";
		};
		82C25BBB14ED53350021A996 /* Resources */ = {
			isa = PBXGroup;
			children = (
				A04D8A1418B5D5A4006A424B /* 02 The City.mp3 */,
				A0A457D118D7DE82004DBB14 /* 03 She's Crafty.mp3 */,
				A04D8A1618B5DD7C006A424B /* 11 Irony Of Dying On Your Birthday.mp3 */,
				A0A457DB18DA91DB004DBB14 /* Frolic.wav */,
				A0A457DC18DA91DB004DBB14 /* Temptation Sensation.wav */,
			);
			name = Resources;
			sourceTree = "<group>";
		};
/* End PBXGroup section */

/* Begin PBXNativeTarget section */
		82C25B6B14ED4D5E0021A996 /* AudioPlayer */ = {
			isa = PBXNativeTarget;
			buildConfigurationList = 82C25B9B14ED4D5E0021A996 /* Build configuration list for PBXNativeTarget "AudioPlayer" */;
			buildPhases = (
				82C25B6814ED4D5E0021A996 /* Sources */,
				82C25B6914ED4D5E0021A996 /* Frameworks */,
				82C25B6A14ED4D5E0021A996 /* Resources */,
			);
			buildRules = (
			);
			dependencies = (
			);
			name = AudioPlayer;
			productName = AudioPlayer;
			productReference = 82C25B6C14ED4D5E0021A996 /* AudioPlayer.app */;
			productType = "com.apple.product-type.application";
		};
		82C25B8814ED4D5E0021A996 /* AudioPlayerTests */ = {
			isa = PBXNativeTarget;
			buildConfigurationList = 82C25B9E14ED4D5E0021A996 /* Build configuration list for PBXNativeTarget "AudioPlayerTests" */;
			buildPhases = (
				82C25B8414ED4D5E0021A996 /* Sources */,
				82C25B8514ED4D5E0021A996 /* Frameworks */,
				82C25B8614ED4D5E0021A996 /* Resources */,
				82C25B8714ED4D5E0021A996 /* ShellScript */,
			);
			buildRules = (
			);
			dependencies = (
				82C25B8F14ED4D5E0021A996 /* PBXTargetDependency */,
			);
			name = AudioPlayerTests;
			productName = AudioPlayerTests;
			productReference = 82C25B8914ED4D5E0021A996 /* AudioPlayerTests.octest */;
			productType = "com.apple.product-type.bundle";
		};
/* End PBXNativeTarget section */

/* Begin PBXProject section */
		82C25B6314ED4D5E0021A996 /* Project object */ = {
			isa = PBXProject;
			attributes = {
				LastUpgradeCheck = 0460;
				ORGANIZATIONNAME = "University of Miami";
			};
			buildConfigurationList = 82C25B6614ED4D5E0021A996 /* Build configuration list for PBXProject "AudioPlayer" */;
			compatibilityVersion = "Xcode 3.2";
			developmentRegion = English;
			hasScannedForEncodings = 0;
			knownRegions = (
				en,
			);
			mainGroup = 82C25B6114ED4D5E0021A996;
			productRefGroup = 82C25B6D14ED4D5E0021A996 /* Products */;
			projectDirPath = "";
			projectRoot = "";
			targets = (
				82C25B6B14ED4D5E0021A996 /* AudioPlayer */,
				82C25B8814ED4D5E0021A996 /* AudioPlayerTests */,
			);
		};
/* End PBXProject section */

/* Begin PBXResourcesBuildPhase section */
		82C25B6A14ED4D5E0021A996 /* Resources */ = {
			isa = PBXResourcesBuildPhase;
			buildActionMask = 2147483647;
			files = (
				82C25B7B14ED4D5E0021A996 /* InfoPlist.strings in Resources */,
				82C25B8314ED4D5E0021A996 /* MainWindow.xib in Resources */,
				82C25BA514ED4D850021A996 /* AudioPlayerViewController.xib in Resources */,
				A04D8A1518B5D5A4006A424B /* 02 The City.mp3 in Resources */,
				A04D8A1718B5DD7C006A424B /* 11 Irony Of Dying On Your Birthday.mp3 in Resources */,
				A0A457D218D7DE82004DBB14 /* 03 She's Crafty.mp3 in Resources */,
				A0A457DD18DA91DB004DBB14 /* Frolic.wav in Resources */,
				A0A457DE18DA91DB004DBB14 /* Temptation Sensation.wav in Resources */,
			);
			runOnlyForDeploymentPostprocessing = 0;
		};
		82C25B8614ED4D5E0021A996 /* Resources */ = {
			isa = PBXResourcesBuildPhase;
			buildActionMask = 2147483647;
			files = (
				82C25B9514ED4D5E0021A996 /* InfoPlist.strings in Resources */,
			);
			runOnlyForDeploymentPostprocessing = 0;
		};
/* End PBXResourcesBuildPhase section */

/* Begin PBXShellScriptBuildPhase section */
		82C25B8714ED4D5E0021A996 /* ShellScript */ = {
			isa = PBXShellScriptBuildPhase;
			buildActionMask = 2147483647;
			files = (
			);
			inputPaths = (
			);
			outputPaths = (
			);
			runOnlyForDeploymentPostprocessing = 0;
			shellPath = /bin/sh;
			shellScript = "# Run the unit tests in this test bundle.\n\"${SYSTEM_DEVELOPER_DIR}/Tools/RunUnitTests\"\n";
		};
/* End PBXShellScriptBuildPhase section */

/* Begin PBXSourcesBuildPhase section */
		82C25B6814ED4D5E0021A996 /* Sources */ = {
			isa = PBXSourcesBuildPhase;
			buildActionMask = 2147483647;
			files = (
				82C25B7D14ED4D5E0021A996 /* main.m in Sources */,
				82C25B8114ED4D5E0021A996 /* AudioPlayerAppDelegate.m in Sources */,
				82C25BA414ED4D850021A996 /* AudioPlayerViewController.m in Sources */,
				82C25BAC14ED4DF20021A996 /* AudioEngine.mm in Sources */,
				82C25BC014ED55CE0021A996 /* MeterView.mm in Sources */,
				82125F9716D67F37008D00BB /* AudioWaveView.mm in Sources */,
			);
			runOnlyForDeploymentPostprocessing = 0;
		};
		82C25B8414ED4D5E0021A996 /* Sources */ = {
			isa = PBXSourcesBuildPhase;
			buildActionMask = 2147483647;
			files = (
				82C25B9814ED4D5E0021A996 /* AudioPlayerTests.m in Sources */,
			);
			runOnlyForDeploymentPostprocessing = 0;
		};
/* End PBXSourcesBuildPhase section */

/* Begin PBXTargetDependency section */
		82C25B8F14ED4D5E0021A996 /* PBXTargetDependency */ = {
			isa = PBXTargetDependency;
			target = 82C25B6B14ED4D5E0021A996 /* AudioPlayer */;
			targetProxy = 82C25B8E14ED4D5E0021A996 /* PBXContainerItemProxy */;
		};
/* End PBXTargetDependency section */

/* Begin PBXVariantGroup section */
		82C25B7914ED4D5E0021A996 /* InfoPlist.strings */ = {
			isa = PBXVariantGroup;
			children = (
				82C25B7A14ED4D5E0021A996 /* en */,
			);
			name = InfoPlist.strings;
			sourceTree = "<group>";
		};
		82C25B9314ED4D5E0021A996 /* InfoPlist.strings */ = {
			isa = PBXVariantGroup;
			children = (
				82C25B9414ED4D5E0021A996 /* en */,
			);
			name = InfoPlist.strings;
			sourceTree = "<group>";
		};
/* End PBXVariantGroup section */

/* Begin XCBuildConfiguration section */
		82C25B9914ED4D5E0021A996 /* Debug */ = {
			isa = XCBuildConfiguration;
			buildSettings = {
				ALWAYS_SEARCH_USER_PATHS = NO;
				ARCHS = "$(ARCHS_STANDARD_32_BIT)";
				CLANG_ENABLE_OBJC_ARC = NO;
				CLANG_WARN_CONSTANT_CONVERSION = YES;
				CLANG_WARN_ENUM_CONVERSION = YES;
				CLANG_WARN_INT_CONVERSION = YES;
				CLANG_WARN__DUPLICATE_METHOD_MATCH = YES;
				"CODE_SIGN_IDENTITY[sdk=iphoneos*]" = "iPhone Developer";
				COPY_PHASE_STRIP = NO;
				GCC_C_LANGUAGE_STANDARD = gnu99;
				GCC_DYNAMIC_NO_PIC = NO;
				GCC_OPTIMIZATION_LEVEL = 0;
				GCC_PREPROCESSOR_DEFINITIONS = (
					"DEBUG=1",
					"$(inherited)",
				);
				GCC_SYMBOLS_PRIVATE_EXTERN = NO;
				GCC_VERSION = com.apple.compilers.llvm.clang.1_0;
				GCC_WARN_ABOUT_MISSING_PROTOTYPES = YES;
				GCC_WARN_ABOUT_RETURN_TYPE = YES;
				GCC_WARN_UNINITIALIZED_AUTOS = YES;
				GCC_WARN_UNUSED_VARIABLE = YES;
				IPHONEOS_DEPLOYMENT_TARGET = 5.0;
				SDKROOT = iphoneos;
				TARGETED_DEVICE_FAMILY = "1,2";
			};
			name = Debug;
		};
		82C25B9A14ED4D5E0021A996 /* Release */ = {
			isa = XCBuildConfiguration;
			buildSettings = {
				ALWAYS_SEARCH_USER_PATHS = NO;
				ARCHS = "$(ARCHS_STANDARD_32_BIT)";
				CLANG_ENABLE_OBJC_ARC = NO;
				CLANG_WARN_CONSTANT_CONVERSION = YES;
				CLANG_WARN_ENUM_CONVERSION = YES;
				CLANG_WARN_INT_CONVERSION = YES;
				CLANG_WARN__DUPLICATE_METHOD_MATCH = YES;
				"CODE_SIGN_IDENTITY[sdk=iphoneos*]" = "iPhone Developer";
				COPY_PHASE_STRIP = YES;
				GCC_C_LANGUAGE_STANDARD = gnu99;
				GCC_VERSION = com.apple.compilers.llvm.clang.1_0;
				GCC_WARN_ABOUT_MISSING_PROTOTYPES = YES;
				GCC_WARN_ABOUT_RETURN_TYPE = YES;
				GCC_WARN_UNINITIALIZED_AUTOS = YES;
				GCC_WARN_UNUSED_VARIABLE = YES;
				IPHONEOS_DEPLOYMENT_TARGET = 5.0;
				OTHER_CFLAGS = "-DNS_BLOCK_ASSERTIONS=1";
				SDKROOT = iphoneos;
				TARGETED_DEVICE_FAMILY = "1,2";
				VALIDATE_PRODUCT = YES;
			};
			name = Release;
		};
		82C25B9C14ED4D5E0021A996 /* Debug */ = {
			isa = XCBuildConfiguration;
			buildSettings = {
				GCC_PRECOMPILE_PREFIX_HEADER = YES;
				GCC_PREFIX_HEADER = "AudioPlayer/AudioPlayer-Prefix.pch";
				INFOPLIST_FILE = "AudioPlayer/AudioPlayer-Info.plist";
				PRODUCT_NAME = "$(TARGET_NAME)";
				WRAPPER_EXTENSION = app;
			};
			name = Debug;
		};
		82C25B9D14ED4D5E0021A996 /* Release */ = {
			isa = XCBuildConfiguration;
			buildSettings = {
				GCC_PRECOMPILE_PREFIX_HEADER = YES;
				GCC_PREFIX_HEADER = "AudioPlayer/AudioPlayer-Prefix.pch";
				INFOPLIST_FILE = "AudioPlayer/AudioPlayer-Info.plist";
				PRODUCT_NAME = "$(TARGET_NAME)";
				WRAPPER_EXTENSION = app;
			};
			name = Release;
		};
		82C25B9F14ED4D5E0021A996 /* Debug */ = {
			isa = XCBuildConfiguration;
			buildSettings = {
				BUNDLE_LOADER = "$(BUILT_PRODUCTS_DIR)/AudioPlayer.app/AudioPlayer";
				CLANG_ENABLE_OBJC_ARC = YES;
				FRAMEWORK_SEARCH_PATHS = (
					"$(SDKROOT)/Developer/Library/Frameworks",
					"$(DEVELOPER_LIBRARY_DIR)/Frameworks",
				);
				GCC_PRECOMPILE_PREFIX_HEADER = YES;
				GCC_PREFIX_HEADER = "AudioPlayer/AudioPlayer-Prefix.pch";
				INFOPLIST_FILE = "AudioPlayerTests/AudioPlayerTests-Info.plist";
				PRODUCT_NAME = "$(TARGET_NAME)";
				TEST_HOST = "$(BUNDLE_LOADER)";
				WRAPPER_EXTENSION = octest;
			};
			name = Debug;
		};
		82C25BA014ED4D5E0021A996 /* Release */ = {
			isa = XCBuildConfiguration;
			buildSettings = {
				BUNDLE_LOADER = "$(BUILT_PRODUCTS_DIR)/AudioPlayer.app/AudioPlayer";
				CLANG_ENABLE_OBJC_ARC = YES;
				FRAMEWORK_SEARCH_PATHS = (
					"$(SDKROOT)/Developer/Library/Frameworks",
					"$(DEVELOPER_LIBRARY_DIR)/Frameworks",
				);
				GCC_PRECOMPILE_PREFIX_HEADER = YES;
				GCC_PREFIX_HEADER = "AudioPlayer/AudioPlayer-Prefix.pch";
				INFOPLIST_FILE = "AudioPlayerTests/AudioPlayerTests-Info.plist";
				PRODUCT_NAME = "$(TARGET_NAME)";
				TEST_HOST = "$(BUNDLE_LOADER)";
				WRAPPER_EXTENSION = octest;
			};
			name = Release;
		};
/* End XCBuildConfiguration section */

/* Begin XCConfigurationList section */
		82C25B6614ED4D5E0021A996 /* Build configuration list for PBXProject "AudioPlayer" */ = {
			isa = XCConfigurationList;
			buildConfigurations = (
				82C25B9914ED4D5E0021A996 /* Debug */,
				82C25B9A14ED4D5E0021A996 /* Release */,
			);
			defaultConfigurationIsVisible = 0;
			defaultConfigurationName = Release;
		};
		82C25B9B14ED4D5E0021A996 /* Build configuration list for PBXNativeTarget "AudioPlayer" */ = {
			isa = XCConfigurationList;
			buildConfigurations = (
				82C25B9C14ED4D5E0021A996 /* Debug */,
				82C25B9D14ED4D5E0021A996 /* Release */,
			);
			defaultConfigurationIsVisible = 0;
			defaultConfigurationName = Release;
		};
		82C25B9E14ED4D5E0021A996 /* Build configuration list for PBXNativeTarget "AudioPlayerTests" */ = {
			isa = XCConfigurationList;
			buildConfigurations = (
				82C25B9F14ED4D5E0021A996 /* Debug */,
				82C25BA014ED4D5E0021A996 /* Release */,
			);
			defaultConfigurationIsVisible = 0;
			defaultConfigurationName = Release;
		};
/* End XCConfigurationList section */
	};
	rootObject = 82C25B6314ED4D5E0021A996 /* Project object */;
}
